DEPENDENCIES
  apt (= 2.7.0)
  elasticsearch (= 2.3.2)
  java (= 1.31.0)
  nodejs (= 2.4.4)
  pelias
    path: cookbooks/pelias
  runit (= 1.5.18)

GRAPH
  apt (2.7.0)
  ark (1.2.0)
    build-essential (>= 0.0.0)
    seven_zip (>= 0.0.0)
    windows (>= 0.0.0)
  build-essential (6.0.4)
    compat_resource (>= 12.10)
    mingw (>= 1.1)
    seven_zip (>= 0.0.0)
  chef-sugar (3.4.0)
  chef_handler (1.4.0)
  compat_resource (12.10.7)
  elasticsearch (2.3.2)
    apt (>= 0.0.0)
    ark (>= 0.0.0)
    chef-sugar (>= 0.0.0)
    yum (>= 0.0.0)
  homebrew (2.1.0)
    build-essential (>= 2.1.2)
  java (1.31.0)
  mingw (1.2.4)
    compat_resource (>= 0.0.0)
    seven_zip (>= 0.0.0)
  nodejs (2.4.4)
    apt (>= 0.0.0)
    ark (>= 0.0.0)
    build-essential (>= 0.0.0)
    homebrew (>= 0.0.0)
    yum-epel (>= 0.0.0)
  pelias (0.6.1)
    apt (>= 0.0.0)
    elasticsearch (>= 0.0.0)
    java (>= 0.0.0)
    nodejs (>= 0.0.0)
    runit (>= 0.0.0)
    user (>= 0.0.0)
  runit (1.5.18)
    build-essential (>= 0.0.0)
    yum (~> 3.0)
    yum-epel (>= 0.0.0)
  seven_zip (2.0.1)
    windows (>= 1.2.2)
  user (0.4.2)
  windows (1.44.3)
    chef_handler (>= 0.0.0)
  yum (3.11.0)
  yum-epel (0.7.1)
    yum (>= 3.6.3)
