DEPENDENCIES
  apt (= 2.7.0)
  elasticsearch (= 0.3.13)
  java (= 1.31.0)
  nodejs (= 2.4.0)
  pelias
    path: cookbooks/pelias
  runit (= 1.5.18)

GRAPH
  7-zip (1.0.2)
    windows (>= 1.2.2)
  apt (2.7.0)
  ark (0.9.0)
    7-zip (>= 0.0.0)
    windows (>= 0.0.0)
  build-essential (2.2.3)
  chef-sugar (3.1.0)
  chef_handler (1.1.6)
  elasticsearch (0.3.13)
    ark (>= 0.2.4)
    build-essential (>= 0.0.0)
    java (>= 0.0.0)
    monit (>= 0.0.0)
    xml (>= 0.0.0)
  homebrew (1.12.0)
    build-essential (>= 2.1.2)
  java (1.31.0)
  monit (0.7.5)
  nodejs (2.4.0)
    apt (>= 0.0.0)
    ark (>= 0.0.0)
    build-essential (>= 0.0.0)
    homebrew (>= 0.0.0)
    yum-epel (>= 0.0.0)
  pelias (0.6.0)
    apt (>= 0.0.0)
    elasticsearch (>= 0.0.0)
    java (>= 0.0.0)
    nodejs (>= 0.0.0)
    runit (>= 0.0.0)
    user (>= 0.0.0)
  runit (1.5.18)
    build-essential (>= 0.0.0)
    yum (~> 3.0)
    yum-epel (>= 0.0.0)
  user (0.4.2)
  windows (1.36.6)
    chef_handler (>= 0.0.0)
  xml (1.2.13)
    build-essential (>= 0.0.0)
    chef-sugar (>= 0.0.0)
  yum (3.5.4)
  yum-epel (0.6.0)
    yum (~> 3.0)
